{
  "version": 4,
  "terraform_version": "1.8.4",
  "serial": 45,
  "lineage": "886ae0ff-493d-0007-d14c-5f1d2daedc06",
  "outputs": {
    "teraform_aws_role_arn_output": {
      "value": "arn:aws:iam::471112741147:role/terraform_aws_lambda_role",
      "type": "string"
    },
    "teraform_aws_role_output": {
      "value": "terraform_aws_lambda_role",
      "type": "string"
    },
    "teraform_logging_arn_output": {
      "value": "arn:aws:iam::471112741147:policy/aws_iam_policy_for_terraform_aws_lambda_role",
      "type": "string"
    }
  },
  "resources": [
    {
      "mode": "data",
      "type": "archive_file",
      "name": "zip_the_js_code",
      "provider": "provider[\"registry.terraform.io/hashicorp/archive\"]",
      "instances": [
        {
          "schema_version": 0,
          "attributes": {
            "exclude_symlink_directories": null,
            "excludes": null,
            "id": "3140c49d71aa74a5a40aad88925d1d53d2b00df4",
            "output_base64sha256": "Jj8NDr8REq/8Vf88u3GqSEDHxd2xoqfZFkJYR60MNNo=",
            "output_base64sha512": "nUvJaJxOjTPkFuBVtKLEsVz3AFuINp99F+5Ue0fc40jACohzjMa1fiCH73eJRRWGdM4V/ifKP0lZG8YtJ/lGGA==",
            "output_file_mode": null,
            "output_md5": "890deab66228260f5e87205ca1accd35",
            "output_path": "./src/hello-js.zip",
            "output_sha": "3140c49d71aa74a5a40aad88925d1d53d2b00df4",
            "output_sha256": "263f0d0ebf1112affc55ff3cbb71aa4840c7c5ddb1a2a7d916425847ad0c34da",
            "output_sha512": "9d4bc9689c4e8d33e416e055b4a2c4b15cf7005b88369f7d17ee547b47dce348c00a88738cc6b57e2087ef778945158674ce15fe27ca3f49591bc62d27f94618",
            "output_size": 433,
            "source": [],
            "source_content": null,
            "source_content_filename": null,
            "source_dir": null,
            "source_file": "./src/hello-js.js",
            "type": "zip"
          },
          "sensitive_attributes": []
        }
      ]
    },
    {
      "mode": "data",
      "type": "archive_file",
      "name": "zip_the_python_code",
      "provider": "provider[\"registry.terraform.io/hashicorp/archive\"]",
      "instances": [
        {
          "schema_version": 0,
          "attributes": {
            "exclude_symlink_directories": null,
            "excludes": null,
            "id": "3496f3114e116c7f38ec83193f4d6bf1cb1a9e39",
            "output_base64sha256": "dCBupGUIAyBRYR6SEW4fybFD33dpDHADtJ+Vev2Fe5E=",
            "output_base64sha512": "2gPYOHbywVNf+qHgiJn9NHKz2toyjU28ziEWRMJJHDyZYzbJKWy0M2bA2pS4jbkCQUAt/PbVzLMsVggL7getJA==",
            "output_file_mode": null,
            "output_md5": "bb88321ca2bbf67b0d2f09e82d24cc40",
            "output_path": "./src/hello-python.zip",
            "output_sha": "3496f3114e116c7f38ec83193f4d6bf1cb1a9e39",
            "output_sha256": "74206ea46508032051611e92116e1fc9b143df77690c7003b49f957afd857b91",
            "output_sha512": "da03d83876f2c1535ffaa1e08899fd3472b3dada328d4dbcce211644c2491c3c996336c9296cb43366c0da94b88db90241402dfcf6d5ccb32c56080bee07ad24",
            "output_size": 254,
            "source": [],
            "source_content": null,
            "source_content_filename": null,
            "source_dir": null,
            "source_file": "./src/hello-python.py",
            "type": "zip"
          },
          "sensitive_attributes": []
        }
      ]
    },
    {
      "mode": "managed",
      "type": "aws_iam_policy",
      "name": "iam_policy_for_lambda",
      "provider": "provider[\"registry.terraform.io/hashicorp/aws\"]",
      "instances": [
        {
          "schema_version": 0,
          "attributes": {
            "arn": "arn:aws:iam::471112741147:policy/aws_iam_policy_for_terraform_aws_lambda_role",
            "attachment_count": 0,
            "description": "AWS IAM Policy for managing aws lambda role",
            "id": "arn:aws:iam::471112741147:policy/aws_iam_policy_for_terraform_aws_lambda_role",
            "name": "aws_iam_policy_for_terraform_aws_lambda_role",
            "name_prefix": "",
            "path": "/",
            "policy": "{\"Statement\":[{\"Action\":[\"logs:CreateLogGroup\",\"logs:CreateLogStream\",\"logs:PutLogEvents\"],\"Effect\":\"Allow\",\"Resource\":\"arn:aws:logs:*:*:*\"}],\"Version\":\"2012-10-17\"}",
            "policy_id": "ANPAW3MEB6ENZSEUNZLGH",
            "tags": null,
            "tags_all": {}
          },
          "sensitive_attributes": [],
          "private": "bnVsbA=="
        }
      ]
    },
    {
      "mode": "managed",
      "type": "aws_iam_role",
      "name": "lambda_role",
      "provider": "provider[\"registry.terraform.io/hashicorp/aws\"]",
      "instances": [
        {
          "schema_version": 0,
          "attributes": {
            "arn": "arn:aws:iam::471112741147:role/terraform_aws_lambda_role",
            "assume_role_policy": "{\"Statement\":[{\"Action\":\"sts:AssumeRole\",\"Effect\":\"Allow\",\"Principal\":{\"Service\":\"lambda.amazonaws.com\"},\"Sid\":\"\"}],\"Version\":\"2012-10-17\"}",
            "create_date": "2024-06-06T21:46:10Z",
            "description": "",
            "force_detach_policies": false,
            "id": "terraform_aws_lambda_role",
            "inline_policy": [],
            "managed_policy_arns": [],
            "max_session_duration": 3600,
            "name": "terraform_aws_lambda_role",
            "name_prefix": "",
            "path": "/",
            "permissions_boundary": "",
            "tags": null,
            "tags_all": {},
            "unique_id": "AROAW3MEB6ENR6Z62BL7X"
          },
          "sensitive_attributes": [],
          "private": "bnVsbA=="
        }
      ]
    },
    {
      "mode": "managed",
      "type": "aws_iam_role_policy_attachment",
      "name": "attach_iam_policy_to_iam_role",
      "provider": "provider[\"registry.terraform.io/hashicorp/aws\"]",
      "instances": [
        {
          "schema_version": 0,
          "attributes": {
            "id": "terraform_aws_lambda_role-20240606214610333900000001",
            "policy_arn": "arn:aws:iam::471112741147:policy/aws_iam_policy_for_terraform_aws_lambda_role",
            "role": "terraform_aws_lambda_role"
          },
          "sensitive_attributes": [],
          "private": "bnVsbA==",
          "dependencies": [
            "aws_iam_policy.iam_policy_for_lambda",
            "aws_iam_role.lambda_role"
          ]
        }
      ]
    },
    {
      "mode": "managed",
      "type": "aws_lambda_function",
      "name": "terraform_lambda_func_js",
      "provider": "provider[\"registry.terraform.io/hashicorp/aws\"]",
      "instances": [
        {
          "schema_version": 0,
          "attributes": {
            "architectures": [
              "x86_64"
            ],
            "arn": "arn:aws:lambda:us-east-1:471112741147:function:Hello-JS-Lambda-Function",
            "code_sha256": "Jj8NDr8REq/8Vf88u3GqSEDHxd2xoqfZFkJYR60MNNo=",
            "code_signing_config_arn": "",
            "dead_letter_config": [],
            "description": "",
            "environment": [],
            "ephemeral_storage": [
              {
                "size": 512
              }
            ],
            "file_system_config": [],
            "filename": "./src/hello-js.zip",
            "function_name": "Hello-JS-Lambda-Function",
            "handler": "hello-js.lambda_handler",
            "id": "Hello-JS-Lambda-Function",
            "image_config": [],
            "image_uri": "",
            "invoke_arn": "arn:aws:apigateway:us-east-1:lambda:path/2015-03-31/functions/arn:aws:lambda:us-east-1:471112741147:function:Hello-JS-Lambda-Function/invocations",
            "kms_key_arn": "",
            "last_modified": "2024-06-06T21:46:24.264+0000",
            "layers": null,
            "logging_config": [
              {
                "application_log_level": "",
                "log_format": "Text",
                "log_group": "/aws/lambda/Hello-JS-Lambda-Function",
                "system_log_level": ""
              }
            ],
            "memory_size": 128,
            "package_type": "Zip",
            "publish": false,
            "qualified_arn": "arn:aws:lambda:us-east-1:471112741147:function:Hello-JS-Lambda-Function:$LATEST",
            "qualified_invoke_arn": "arn:aws:apigateway:us-east-1:lambda:path/2015-03-31/functions/arn:aws:lambda:us-east-1:471112741147:function:Hello-JS-Lambda-Function:$LATEST/invocations",
            "replace_security_groups_on_destroy": null,
            "replacement_security_group_ids": null,
            "reserved_concurrent_executions": -1,
            "role": "arn:aws:iam::471112741147:role/terraform_aws_lambda_role",
            "runtime": "nodejs18.x",
            "s3_bucket": null,
            "s3_key": null,
            "s3_object_version": null,
            "signing_job_arn": "",
            "signing_profile_version_arn": "",
            "skip_destroy": false,
            "snap_start": [],
            "source_code_hash": "",
            "source_code_size": 433,
            "tags": null,
            "tags_all": {},
            "timeout": 3,
            "timeouts": null,
            "tracing_config": [
              {
                "mode": "PassThrough"
              }
            ],
            "version": "$LATEST",
            "vpc_config": []
          },
          "sensitive_attributes": [],
          "private": "eyJlMmJmYjczMC1lY2FhLTExZTYtOGY4OC0zNDM2M2JjN2M0YzAiOnsiY3JlYXRlIjo2MDAwMDAwMDAwMDAsImRlbGV0ZSI6NjAwMDAwMDAwMDAwLCJ1cGRhdGUiOjYwMDAwMDAwMDAwMH19",
          "dependencies": [
            "aws_iam_policy.iam_policy_for_lambda",
            "aws_iam_role.lambda_role",
            "aws_iam_role_policy_attachment.attach_iam_policy_to_iam_role",
            "data.archive_file.zip_the_js_code"
          ]
        }
      ]
    },
    {
      "mode": "managed",
      "type": "aws_lambda_function",
      "name": "terraform_lambda_func_py",
      "provider": "provider[\"registry.terraform.io/hashicorp/aws\"]",
      "instances": [
        {
          "schema_version": 0,
          "attributes": {
            "architectures": [
              "x86_64"
            ],
            "arn": "arn:aws:lambda:us-east-1:471112741147:function:Hello-Python-Lambda-Function",
            "code_sha256": "dCBupGUIAyBRYR6SEW4fybFD33dpDHADtJ+Vev2Fe5E=",
            "code_signing_config_arn": "",
            "dead_letter_config": [],
            "description": "",
            "environment": [],
            "ephemeral_storage": [
              {
                "size": 512
              }
            ],
            "file_system_config": [],
            "filename": "./src/hello-python.zip",
            "function_name": "Hello-Python-Lambda-Function",
            "handler": "hello-python.lambda_handler",
            "id": "Hello-Python-Lambda-Function",
            "image_config": [],
            "image_uri": "",
            "invoke_arn": "arn:aws:apigateway:us-east-1:lambda:path/2015-03-31/functions/arn:aws:lambda:us-east-1:471112741147:function:Hello-Python-Lambda-Function/invocations",
            "kms_key_arn": "",
            "last_modified": "2024-06-06T21:46:18.565+0000",
            "layers": null,
            "logging_config": [
              {
                "application_log_level": "",
                "log_format": "Text",
                "log_group": "/aws/lambda/Hello-Python-Lambda-Function",
                "system_log_level": ""
              }
            ],
            "memory_size": 128,
            "package_type": "Zip",
            "publish": false,
            "qualified_arn": "arn:aws:lambda:us-east-1:471112741147:function:Hello-Python-Lambda-Function:$LATEST",
            "qualified_invoke_arn": "arn:aws:apigateway:us-east-1:lambda:path/2015-03-31/functions/arn:aws:lambda:us-east-1:471112741147:function:Hello-Python-Lambda-Function:$LATEST/invocations",
            "replace_security_groups_on_destroy": null,
            "replacement_security_group_ids": null,
            "reserved_concurrent_executions": -1,
            "role": "arn:aws:iam::471112741147:role/terraform_aws_lambda_role",
            "runtime": "python3.8",
            "s3_bucket": null,
            "s3_key": null,
            "s3_object_version": null,
            "signing_job_arn": "",
            "signing_profile_version_arn": "",
            "skip_destroy": false,
            "snap_start": [],
            "source_code_hash": "",
            "source_code_size": 254,
            "tags": null,
            "tags_all": {},
            "timeout": 3,
            "timeouts": null,
            "tracing_config": [
              {
                "mode": "PassThrough"
              }
            ],
            "version": "$LATEST",
            "vpc_config": []
          },
          "sensitive_attributes": [],
          "private": "eyJlMmJmYjczMC1lY2FhLTExZTYtOGY4OC0zNDM2M2JjN2M0YzAiOnsiY3JlYXRlIjo2MDAwMDAwMDAwMDAsImRlbGV0ZSI6NjAwMDAwMDAwMDAwLCJ1cGRhdGUiOjYwMDAwMDAwMDAwMH19",
          "dependencies": [
            "aws_iam_policy.iam_policy_for_lambda",
            "aws_iam_role.lambda_role",
            "aws_iam_role_policy_attachment.attach_iam_policy_to_iam_role",
            "data.archive_file.zip_the_python_code"
          ]
        }
      ]
    }
  ],
  "check_results": null
}
